<?xml version="1.0" encoding="utf-8"?>
<Project ToolsVersion="4.0" xmlns="http://schemas.microsoft.com/developer/msbuild/2003">
  <ItemGroup>
    <Filter Include="Source Files">
      <UniqueIdentifier>{4FC737F1-C7A5-4376-A066-2A32D752A2FF}</UniqueIdentifier>
      <Extensions>cpp;c;cc;cxx;c++;cppm;ixx;def;odl;idl;hpj;bat;asm;asmx</Extensions>
    </Filter>
    <Filter Include="Header Files">
      <UniqueIdentifier>{93995380-89BD-4b04-88EB-625FBE52EBFB}</UniqueIdentifier>
      <Extensions>h;hh;hpp;hxx;h++;hm;inl;inc;ipp;xsd</Extensions>
    </Filter>
    <Filter Include="Resource Files">
      <UniqueIdentifier>{67DA6AB6-F800-4c08-8B7A-83BB121AAD01}</UniqueIdentifier>
      <Extensions>rc;ico;cur;bmp;dlg;rc2;rct;bin;rgs;gif;jpg;jpeg;jpe;resx;tiff;tif;png;wav;mfcribbon-ms</Extensions>
    </Filter>
  </ItemGroup>
  <ItemGroup>
    <ClInclude Include="framework.h">
      <Filter>Header Files</Filter>
    </ClInclude>
    <ClInclude Include="pch.h">
      <Filter>Header Files</Filter>
    </ClInclude>
    <ClInclude Include="memory\tools\mem.h">
      <Filter>Header Files</Filter>
    </ClInclude>
    <ClInclude Include="memory\tools\OpcodePatcher.h">
      <Filter>Header Files</Filter>
    </ClInclude>
    <ClInclude Include="memory\tools\patternscan.h">
      <Filter>Header Files</Filter>
    </ClInclude>
    <ClInclude Include="memory\patterns.h">
      <Filter>Header Files</Filter>
    </ClInclude>
    <ClInclude Include="sdk\interfaces\CSource2Client.h">
      <Filter>Header Files</Filter>
    </ClInclude>
    <ClInclude Include="sdk\econ\CCStrike15ItemSchema.h">
      <Filter>Header Files</Filter>
    </ClInclude>
    <ClInclude Include="memory\gamefuncs.h">
      <Filter>Header Files</Filter>
    </ClInclude>
    <ClInclude Include="memory\interface.h">
      <Filter>Header Files</Filter>
    </ClInclude>
    <ClInclude Include="sdk\econ\CCStrike15ItemSystem.h">
      <Filter>Header Files</Filter>
    </ClInclude>
    <ClInclude Include="sdk\econ\CPaintKit.h">
      <Filter>Header Files</Filter>
    </ClInclude>
    <ClInclude Include="sdk\CUtl\CUtlHashMapLarge.h">
      <Filter>Header Files</Filter>
    </ClInclude>
    <ClInclude Include="sdk\CUtl\CUtlMap.h">
      <Filter>Header Files</Filter>
    </ClInclude>
    <ClInclude Include="sdk\CUtl\CUtlMemory.h">
      <Filter>Header Files</Filter>
    </ClInclude>
    <ClInclude Include="sdk\CUtl\CUtlString.h">
      <Filter>Header Files</Filter>
    </ClInclude>
    <ClInclude Include="sdk\CUtl\CUtlTSHash.h">
      <Filter>Header Files</Filter>
    </ClInclude>
    <ClInclude Include="sdk\CUtl\CUtlVector.h">
      <Filter>Header Files</Filter>
    </ClInclude>
    <ClInclude Include="sdk\IMemAlloc.h">
      <Filter>Header Files</Filter>
    </ClInclude>
    <ClInclude Include="sdk\econ\CCStrike15ItemDefinition.h">
      <Filter>Header Files</Filter>
    </ClInclude>
    <ClInclude Include="skin_changer\SkinPreference.h">
      <Filter>Header Files</Filter>
    </ClInclude>
    <ClInclude Include="skin_changer\skins.h">
      <Filter>Header Files</Filter>
    </ClInclude>
    <ClInclude Include="sdk\KeyValues\ValveKeyValues.h">
      <Filter>Header Files</Filter>
    </ClInclude>
    <ClInclude Include="sdk\econ\CEconItemSetDefinition.h">
      <Filter>Header Files</Filter>
    </ClInclude>
    <ClInclude Include="gui\gui.h">
      <Filter>Header Files</Filter>
    </ClInclude>
    <ClInclude Include="nuklear-gui\nuklear.h">
      <Filter>Header Files</Filter>
    </ClInclude>
    <ClInclude Include="nuklear-gui\nuklear_d3d11.h">
      <Filter>Header Files</Filter>
    </ClInclude>
    <ClInclude Include="nuklear-gui\nuklear_d3d11_pixel_shader.h">
      <Filter>Header Files</Filter>
    </ClInclude>
    <ClInclude Include="nuklear-gui\nuklear_d3d11_vertex_shader.h">
      <Filter>Header Files</Filter>
    </ClInclude>
    <ClInclude Include="memory\tools\hde64.h">
      <Filter>Header Files</Filter>
    </ClInclude>
    <ClInclude Include="memory\tools\hook64.h">
      <Filter>Header Files</Filter>
    </ClInclude>
    <ClInclude Include="memory\hooks.h">
      <Filter>Header Files</Filter>
    </ClInclude>
    <ClInclude Include="gui\D3D11StateSaver.h">
      <Filter>Header Files</Filter>
    </ClInclude>
  </ItemGroup>
  <ItemGroup>
    <ClCompile Include="dllmain.cpp">
      <Filter>Source Files</Filter>
    </ClCompile>
    <ClCompile Include="pch.cpp">
      <Filter>Source Files</Filter>
    </ClCompile>
    <ClCompile Include="memory\tools\mem.cpp">
      <Filter>Source Files</Filter>
    </ClCompile>
    <ClCompile Include="memory\tools\OpcodePatcher.cpp">
      <Filter>Source Files</Filter>
    </ClCompile>
    <ClCompile Include="memory\tools\patternscan.cpp">
      <Filter>Source Files</Filter>
    </ClCompile>
    <ClCompile Include="sdk\interfaces\CSource2Client.cpp">
      <Filter>Source Files</Filter>
    </ClCompile>
    <ClCompile Include="sdk\econ\CCStrike15ItemSchema.cpp">
      <Filter>Source Files</Filter>
    </ClCompile>
    <ClCompile Include="memory\gamefuncs.cpp">
      <Filter>Source Files</Filter>
    </ClCompile>
    <ClCompile Include="memory\interface.cpp">
      <Filter>Source Files</Filter>
    </ClCompile>
    <ClCompile Include="sdk\econ\CCStrike15ItemSystem.cpp">
      <Filter>Source Files</Filter>
    </ClCompile>
    <ClCompile Include="skin_changer\skins.cpp">
      <Filter>Source Files</Filter>
    </ClCompile>
    <ClCompile Include="sdk\KeyValues\ValveKeyValues.cpp">
      <Filter>Source Files</Filter>
    </ClCompile>
    <ClCompile Include="gui\gui.cpp">
      <Filter>Source Files</Filter>
    </ClCompile>
    <ClCompile Include="memory\tools\hook64.cpp">
      <Filter>Source Files</Filter>
    </ClCompile>
    <ClCompile Include="memory\hooks.cpp">
      <Filter>Source Files</Filter>
    </ClCompile>
    <ClCompile Include="gui\D3D11StateSaver.cpp">
      <Filter>Source Files</Filter>
    </ClCompile>
  </ItemGroup>
</Project>